
Microsoft Visual Studio Solution File, Format Version 12.00
# Visual Studio Version 17
VisualStudioVersion = 17.1.32210.238
MinimumVisualStudioVersion = 10.0.40219.1
Project("{9A19103F-16F7-4668-BE54-9A1E7A4F7556}") = "Recruitment.Core", "Recruitment.Core\Recruitment.Core.csproj", "{C5E41238-83EE-4C6A-9A76-2B41B683F450}"
EndProject
Project("{9A19103F-16F7-4668-BE54-9A1E7A4F7556}") = "Recruitment.WebAPI", "Recruitment.WebAPI\Recruitment.WebAPI.csproj", "{EDD91CDD-73C8-46F8-A851-E68F4306D6CA}"
EndProject
Project("{9A19103F-16F7-4668-BE54-9A1E7A4F7556}") = "Recruitment.Infrastructure", "Recruitment.Infrastructure\Recruitment.Infrastructure.csproj", "{6EA43B50-B84D-4C6F-A934-A5CF4A11287D}"
EndProject
Project("{54A90642-561A-4BB1-A94E-469ADEE60C69}") = "Recruitment.Client", "Recruitment.Client\Recruitment.Client.esproj", "{FCC2A13C-D158-4F1C-B9F3-0AD7063551CE}"
EndProject
Global
	GlobalSection(SolutionConfigurationPlatforms) = preSolution
		Debug|Any CPU = Debug|Any CPU
		Release|Any CPU = Release|Any CPU
	EndGlobalSection
	GlobalSection(ProjectConfigurationPlatforms) = postSolution
		{C5E41238-83EE-4C6A-9A76-2B41B683F450}.Debug|Any CPU.ActiveCfg = Debug|Any CPU
		{C5E41238-83EE-4C6A-9A76-2B41B683F450}.Debug|Any CPU.Build.0 = Debug|Any CPU
		{C5E41238-83EE-4C6A-9A76-2B41B683F450}.Release|Any CPU.ActiveCfg = Release|Any CPU
		{C5E41238-83EE-4C6A-9A76-2B41B683F450}.Release|Any CPU.Build.0 = Release|Any CPU
		{EDD91CDD-73C8-46F8-A851-E68F4306D6CA}.Debug|Any CPU.ActiveCfg = Debug|Any CPU
		{EDD91CDD-73C8-46F8-A851-E68F4306D6CA}.Debug|Any CPU.Build.0 = Debug|Any CPU
		{EDD91CDD-73C8-46F8-A851-E68F4306D6CA}.Release|Any CPU.ActiveCfg = Release|Any CPU
		{EDD91CDD-73C8-46F8-A851-E68F4306D6CA}.Release|Any CPU.Build.0 = Release|Any CPU
		{6EA43B50-B84D-4C6F-A934-A5CF4A11287D}.Debug|Any CPU.ActiveCfg = Debug|Any CPU
		{6EA43B50-B84D-4C6F-A934-A5CF4A11287D}.Debug|Any CPU.Build.0 = Debug|Any CPU
		{6EA43B50-B84D-4C6F-A934-A5CF4A11287D}.Release|Any CPU.ActiveCfg = Release|Any CPU
		{6EA43B50-B84D-4C6F-A934-A5CF4A11287D}.Release|Any CPU.Build.0 = Release|Any CPU
		{FCC2A13C-D158-4F1C-B9F3-0AD7063551CE}.Debug|Any CPU.ActiveCfg = Debug|Any CPU
		{FCC2A13C-D158-4F1C-B9F3-0AD7063551CE}.Debug|Any CPU.Build.0 = Debug|Any CPU
		{FCC2A13C-D158-4F1C-B9F3-0AD7063551CE}.Debug|Any CPU.Deploy.0 = Debug|Any CPU
		{FCC2A13C-D158-4F1C-B9F3-0AD7063551CE}.Release|Any CPU.ActiveCfg = Release|Any CPU
		{FCC2A13C-D158-4F1C-B9F3-0AD7063551CE}.Release|Any CPU.Build.0 = Release|Any CPU
		{FCC2A13C-D158-4F1C-B9F3-0AD7063551CE}.Release|Any CPU.Deploy.0 = Release|Any CPU
	EndGlobalSection
	GlobalSection(SolutionProperties) = preSolution
		HideSolutionNode = FALSE
	EndGlobalSection
	GlobalSection(ExtensibilityGlobals) = postSolution
		SolutionGuid = {FA2659DB-9617-480B-9112-849D633F2B97}
	EndGlobalSection
EndGlobal
